
Microsoft Visual Studio Solution File, Format Version 12.00
# Visual Studio Version 17
VisualStudioVersion = 17.0.32112.339
MinimumVisualStudioVersion = 10.0.40219.1
Project("{FAE04EC0-301F-11D3-BF4B-00C04F79EFBC}") = "PokeNeon.Android", "PokeNeon.Android\PokeNeon.Android.csproj", "{DA472B97-28A9-483A-9335-51E06238D34E}"
EndProject
Project("{FAE04EC0-301F-11D3-BF4B-00C04F79EFBC}") = "PokeNeon.iOS", "PokeNeon.iOS\PokeNeon.iOS.csproj", "{AA0174CD-1537-4426-947D-5A41E7AF0523}"
EndProject
Project("{FAE04EC0-301F-11D3-BF4B-00C04F79EFBC}") = "PokeNeon", "PokeNeon\PokeNeon.csproj", "{6927271C-D0E5-4C4F-9C14-097509EBED54}"
EndProject
Global
	GlobalSection(SolutionConfigurationPlatforms) = preSolution
		Debug|Any CPU = Debug|Any CPU
		Debug|iPhone = Debug|iPhone
		Debug|iPhoneSimulator = Debug|iPhoneSimulator
		Release|Any CPU = Release|Any CPU
		Release|iPhone = Release|iPhone
		Release|iPhoneSimulator = Release|iPhoneSimulator
	EndGlobalSection
	GlobalSection(ProjectConfigurationPlatforms) = postSolution
		{DA472B97-28A9-483A-9335-51E06238D34E}.Debug|Any CPU.ActiveCfg = Debug|Any CPU
		{DA472B97-28A9-483A-9335-51E06238D34E}.Debug|Any CPU.Build.0 = Debug|Any CPU
		{DA472B97-28A9-483A-9335-51E06238D34E}.Debug|Any CPU.Deploy.0 = Debug|Any CPU
		{DA472B97-28A9-483A-9335-51E06238D34E}.Debug|iPhone.ActiveCfg = Debug|Any CPU
		{DA472B97-28A9-483A-9335-51E06238D34E}.Debug|iPhone.Build.0 = Debug|Any CPU
		{DA472B97-28A9-483A-9335-51E06238D34E}.Debug|iPhone.Deploy.0 = Debug|Any CPU
		{DA472B97-28A9-483A-9335-51E06238D34E}.Debug|iPhoneSimulator.ActiveCfg = Debug|Any CPU
		{DA472B97-28A9-483A-9335-51E06238D34E}.Debug|iPhoneSimulator.Build.0 = Debug|Any CPU
		{DA472B97-28A9-483A-9335-51E06238D34E}.Debug|iPhoneSimulator.Deploy.0 = Debug|Any CPU
		{DA472B97-28A9-483A-9335-51E06238D34E}.Release|Any CPU.ActiveCfg = Release|Any CPU
		{DA472B97-28A9-483A-9335-51E06238D34E}.Release|Any CPU.Build.0 = Release|Any CPU
		{DA472B97-28A9-483A-9335-51E06238D34E}.Release|Any CPU.Deploy.0 = Release|Any CPU
		{DA472B97-28A9-483A-9335-51E06238D34E}.Release|iPhone.ActiveCfg = Release|Any CPU
		{DA472B97-28A9-483A-9335-51E06238D34E}.Release|iPhone.Build.0 = Release|Any CPU
		{DA472B97-28A9-483A-9335-51E06238D34E}.Release|iPhone.Deploy.0 = Release|Any CPU
		{DA472B97-28A9-483A-9335-51E06238D34E}.Release|iPhoneSimulator.ActiveCfg = Release|Any CPU
		{DA472B97-28A9-483A-9335-51E06238D34E}.Release|iPhoneSimulator.Build.0 = Release|Any CPU
		{DA472B97-28A9-483A-9335-51E06238D34E}.Release|iPhoneSimulator.Deploy.0 = Release|Any CPU
		{AA0174CD-1537-4426-947D-5A41E7AF0523}.Debug|Any CPU.ActiveCfg = Debug|iPhone
		{AA0174CD-1537-4426-947D-5A41E7AF0523}.Debug|Any CPU.Build.0 = Debug|iPhone
		{AA0174CD-1537-4426-947D-5A41E7AF0523}.Debug|Any CPU.Deploy.0 = Debug|iPhone
		{AA0174CD-1537-4426-947D-5A41E7AF0523}.Debug|iPhone.ActiveCfg = Debug|iPhone
		{AA0174CD-1537-4426-947D-5A41E7AF0523}.Debug|iPhone.Build.0 = Debug|iPhone
		{AA0174CD-1537-4426-947D-5A41E7AF0523}.Debug|iPhone.Deploy.0 = Debug|iPhone
		{AA0174CD-1537-4426-947D-5A41E7AF0523}.Debug|iPhoneSimulator.ActiveCfg = Debug|iPhoneSimulator
		{AA0174CD-1537-4426-947D-5A41E7AF0523}.Debug|iPhoneSimulator.Build.0 = Debug|iPhoneSimulator
		{AA0174CD-1537-4426-947D-5A41E7AF0523}.Debug|iPhoneSimulator.Deploy.0 = Debug|iPhoneSimulator
		{AA0174CD-1537-4426-947D-5A41E7AF0523}.Release|Any CPU.ActiveCfg = Release|iPhoneSimulator
		{AA0174CD-1537-4426-947D-5A41E7AF0523}.Release|Any CPU.Build.0 = Release|iPhoneSimulator
		{AA0174CD-1537-4426-947D-5A41E7AF0523}.Release|Any CPU.Deploy.0 = Release|iPhoneSimulator
		{AA0174CD-1537-4426-947D-5A41E7AF0523}.Release|iPhone.ActiveCfg = Release|iPhone
		{AA0174CD-1537-4426-947D-5A41E7AF0523}.Release|iPhone.Build.0 = Release|iPhone
		{AA0174CD-1537-4426-947D-5A41E7AF0523}.Release|iPhone.Deploy.0 = Release|iPhone
		{AA0174CD-1537-4426-947D-5A41E7AF0523}.Release|iPhoneSimulator.ActiveCfg = Release|iPhoneSimulator
		{AA0174CD-1537-4426-947D-5A41E7AF0523}.Release|iPhoneSimulator.Build.0 = Release|iPhoneSimulator
		{AA0174CD-1537-4426-947D-5A41E7AF0523}.Release|iPhoneSimulator.Deploy.0 = Release|iPhoneSimulator
		{6927271C-D0E5-4C4F-9C14-097509EBED54}.Debug|Any CPU.ActiveCfg = Debug|Any CPU
		{6927271C-D0E5-4C4F-9C14-097509EBED54}.Debug|Any CPU.Build.0 = Debug|Any CPU
		{6927271C-D0E5-4C4F-9C14-097509EBED54}.Debug|Any CPU.Deploy.0 = Debug|Any CPU
		{6927271C-D0E5-4C4F-9C14-097509EBED54}.Debug|iPhone.ActiveCfg = Debug|Any CPU
		{6927271C-D0E5-4C4F-9C14-097509EBED54}.Debug|iPhone.Build.0 = Debug|Any CPU
		{6927271C-D0E5-4C4F-9C14-097509EBED54}.Debug|iPhone.Deploy.0 = Debug|Any CPU
		{6927271C-D0E5-4C4F-9C14-097509EBED54}.Debug|iPhoneSimulator.ActiveCfg = Debug|Any CPU
		{6927271C-D0E5-4C4F-9C14-097509EBED54}.Debug|iPhoneSimulator.Build.0 = Debug|Any CPU
		{6927271C-D0E5-4C4F-9C14-097509EBED54}.Debug|iPhoneSimulator.Deploy.0 = Debug|Any CPU
		{6927271C-D0E5-4C4F-9C14-097509EBED54}.Release|Any CPU.ActiveCfg = Release|Any CPU
		{6927271C-D0E5-4C4F-9C14-097509EBED54}.Release|Any CPU.Build.0 = Release|Any CPU
		{6927271C-D0E5-4C4F-9C14-097509EBED54}.Release|Any CPU.Deploy.0 = Release|Any CPU
		{6927271C-D0E5-4C4F-9C14-097509EBED54}.Release|iPhone.ActiveCfg = Release|Any CPU
		{6927271C-D0E5-4C4F-9C14-097509EBED54}.Release|iPhone.Build.0 = Release|Any CPU
		{6927271C-D0E5-4C4F-9C14-097509EBED54}.Release|iPhone.Deploy.0 = Release|Any CPU
		{6927271C-D0E5-4C4F-9C14-097509EBED54}.Release|iPhoneSimulator.ActiveCfg = Release|Any CPU
		{6927271C-D0E5-4C4F-9C14-097509EBED54}.Release|iPhoneSimulator.Build.0 = Release|Any CPU
		{6927271C-D0E5-4C4F-9C14-097509EBED54}.Release|iPhoneSimulator.Deploy.0 = Release|Any CPU
	EndGlobalSection
	GlobalSection(SolutionProperties) = preSolution
		HideSolutionNode = FALSE
	EndGlobalSection
	GlobalSection(ExtensibilityGlobals) = postSolution
		SolutionGuid = {D33B059C-278B-4FD0-8A58-7C786A259D4A}
	EndGlobalSection
EndGlobal
